// !$*UTF8*$!
{
	archiveVersion = 1;
	classes = {
	};
	objectVersion = 56;
	objects = {

/* Begin PBXBuildFile section */
		B6A551A82CB9CFA50085A38C /* AppDelegate.swift in Sources */ = {isa = PBXBuildFile; fileRef = B6A551A72CB9CFA50085A38C /* AppDelegate.swift */; };
		B6A551B12CB9CFA70085A38C /* Assets.xcassets in Resources */ = {isa = PBXBuildFile; fileRef = B6A551B02CB9CFA70085A38C /* Assets.xcassets */; };
		B6A551B42CB9CFA70085A38C /* Base in Resources */ = {isa = PBXBuildFile; fileRef = B6A551B32CB9CFA70085A38C /* Base */; };
		B6A551BF2CB9CFA70085A38C /* WeatherTests.swift in Sources */ = {isa = PBXBuildFile; fileRef = B6A551BE2CB9CFA70085A38C /* WeatherTests.swift */; };
		B6A551C92CB9CFA70085A38C /* WeatherUITests.swift in Sources */ = {isa = PBXBuildFile; fileRef = B6A551C82CB9CFA70085A38C /* WeatherUITests.swift */; };
		B6A551CB2CB9CFA70085A38C /* WeatherUITestsLaunchTests.swift in Sources */ = {isa = PBXBuildFile; fileRef = B6A551CA2CB9CFA70085A38C /* WeatherUITestsLaunchTests.swift */; };
		B6A551DA2CB9D7500085A38C /* ShowWeatherViewController.swift in Sources */ = {isa = PBXBuildFile; fileRef = B6A551D82CB9D7500085A38C /* ShowWeatherViewController.swift */; };
		B6A551DB2CB9D7500085A38C /* ShowWeatherViewController.xib in Resources */ = {isa = PBXBuildFile; fileRef = B6A551D92CB9D7500085A38C /* ShowWeatherViewController.xib */; };
		B6A5522A2CB9D9B30085A38C /* Utils.framework in Frameworks */ = {isa = PBXBuildFile; fileRef = B6A552292CB9D9B30085A38C /* Utils.framework */; };
		B6A5522B2CB9D9B30085A38C /* Utils.framework in Embed Frameworks */ = {isa = PBXBuildFile; fileRef = B6A552292CB9D9B30085A38C /* Utils.framework */; settings = {ATTRIBUTES = (CodeSignOnCopy, RemoveHeadersOnCopy, ); }; };
		B6A553382CB9E8060085A38C /* WeatherUsecases.framework in Frameworks */ = {isa = PBXBuildFile; fileRef = B6A553372CB9E8060085A38C /* WeatherUsecases.framework */; };
		B6A553392CB9E8060085A38C /* WeatherUsecases.framework in Embed Frameworks */ = {isa = PBXBuildFile; fileRef = B6A553372CB9E8060085A38C /* WeatherUsecases.framework */; settings = {ATTRIBUTES = (CodeSignOnCopy, RemoveHeadersOnCopy, ); }; };
		B6A5533B2CB9E80E0085A38C /* WeatherCore.framework in Frameworks */ = {isa = PBXBuildFile; fileRef = B6A5533A2CB9E80E0085A38C /* WeatherCore.framework */; };
		B6A5533C2CB9E80E0085A38C /* WeatherCore.framework in Embed Frameworks */ = {isa = PBXBuildFile; fileRef = B6A5533A2CB9E80E0085A38C /* WeatherCore.framework */; settings = {ATTRIBUTES = (CodeSignOnCopy, RemoveHeadersOnCopy, ); }; };
		B6A5533E2CB9E8120085A38C /* WeatherEntities.framework in Frameworks */ = {isa = PBXBuildFile; fileRef = B6A5533D2CB9E8120085A38C /* WeatherEntities.framework */; };
		B6A5533F2CB9E8120085A38C /* WeatherEntities.framework in Embed Frameworks */ = {isa = PBXBuildFile; fileRef = B6A5533D2CB9E8120085A38C /* WeatherEntities.framework */; settings = {ATTRIBUTES = (CodeSignOnCopy, RemoveHeadersOnCopy, ); }; };
		B6A553412CB9E8150085A38C /* WeatherDataSource.framework in Frameworks */ = {isa = PBXBuildFile; fileRef = B6A553402CB9E8150085A38C /* WeatherDataSource.framework */; };
		B6A553422CB9E8160085A38C /* WeatherDataSource.framework in Embed Frameworks */ = {isa = PBXBuildFile; fileRef = B6A553402CB9E8150085A38C /* WeatherDataSource.framework */; settings = {ATTRIBUTES = (CodeSignOnCopy, RemoveHeadersOnCopy, ); }; };
		B6A5534F2CBA05D60085A38C /* NetoworkCore.framework in Frameworks */ = {isa = PBXBuildFile; fileRef = B6A5534E2CBA05D60085A38C /* NetoworkCore.framework */; };
		B6A553502CBA05D60085A38C /* NetoworkCore.framework in Embed Frameworks */ = {isa = PBXBuildFile; fileRef = B6A5534E2CBA05D60085A38C /* NetoworkCore.framework */; settings = {ATTRIBUTES = (CodeSignOnCopy, RemoveHeadersOnCopy, ); }; };
		B6A553552CBA06280085A38C /* APIConfig.swift in Sources */ = {isa = PBXBuildFile; fileRef = B6A553542CBA06280085A38C /* APIConfig.swift */; };
		B6A553572CBA066C0085A38C /* APIBundle.swift in Sources */ = {isa = PBXBuildFile; fileRef = B6A553562CBA066C0085A38C /* APIBundle.swift */; };
		B6A553A32CBA2C170085A38C /* ShowWeatherComponents.swift in Sources */ = {isa = PBXBuildFile; fileRef = B6A553A22CBA2C170085A38C /* ShowWeatherComponents.swift */; };
		B6A553A72CBA2CED0085A38C /* WeatherUI.framework in Frameworks */ = {isa = PBXBuildFile; fileRef = B6A553A62CBA2CED0085A38C /* WeatherUI.framework */; };
		B6A553A82CBA2CED0085A38C /* WeatherUI.framework in Embed Frameworks */ = {isa = PBXBuildFile; fileRef = B6A553A62CBA2CED0085A38C /* WeatherUI.framework */; settings = {ATTRIBUTES = (CodeSignOnCopy, RemoveHeadersOnCopy, ); }; };
		B6A553AE2CBADE350085A38C /* ShowWeatherViewModel.swift in Sources */ = {isa = PBXBuildFile; fileRef = B6A553AD2CBADE350085A38C /* ShowWeatherViewModel.swift */; };
		B6A553B02CBADEB60085A38C /* CurrentLocationViewModel+Dependencies.swift in Sources */ = {isa = PBXBuildFile; fileRef = B6A553AF2CBADEB60085A38C /* CurrentLocationViewModel+Dependencies.swift */; };
		B6A553B22CBAE0FD0085A38C /* ShowWeatherFactory.swift in Sources */ = {isa = PBXBuildFile; fileRef = B6A553B12CBAE0FD0085A38C /* ShowWeatherFactory.swift */; };
		B6A553CC2CBB14010085A38C /* ListWeatherCoordinator.swift in Sources */ = {isa = PBXBuildFile; fileRef = B6A553C42CBB14010085A38C /* ListWeatherCoordinator.swift */; };
		B6A553CD2CBB14010085A38C /* ListWeatherFactory.swift in Sources */ = {isa = PBXBuildFile; fileRef = B6A553C52CBB14010085A38C /* ListWeatherFactory.swift */; };
		B6A553CE2CBB14010085A38C /* ListWeatherViewController.swift in Sources */ = {isa = PBXBuildFile; fileRef = B6A553C62CBB14010085A38C /* ListWeatherViewController.swift */; };
		B6A553CF2CBB14010085A38C /* ListWeatherComponent.swift in Sources */ = {isa = PBXBuildFile; fileRef = B6A553C72CBB14010085A38C /* ListWeatherComponent.swift */; };
		B6A553D02CBB14010085A38C /* ListWeatherViewModel+Dependencies.swift in Sources */ = {isa = PBXBuildFile; fileRef = B6A553C82CBB14010085A38C /* ListWeatherViewModel+Dependencies.swift */; };
		B6A553D12CBB14010085A38C /* ListWeatherViewModel.swift in Sources */ = {isa = PBXBuildFile; fileRef = B6A553C92CBB14010085A38C /* ListWeatherViewModel.swift */; };
		B6A553D32CBB14010085A38C /* ListWeatherViewController.xib in Resources */ = {isa = PBXBuildFile; fileRef = B6A553CA2CBB14010085A38C /* ListWeatherViewController.xib */; };
		B6A553D72CBB1D510085A38C /* AddressSearchTableViewController.swift in Sources */ = {isa = PBXBuildFile; fileRef = B6A553D52CBB1D510085A38C /* AddressSearchTableViewController.swift */; };
		B6A553D82CBB1D510085A38C /* AddressSearchTableViewController.xib in Resources */ = {isa = PBXBuildFile; fileRef = B6A553D62CBB1D510085A38C /* AddressSearchTableViewController.xib */; };
		B6A553DA2CBB34260085A38C /* ShowWeatherCoordinator.swift in Sources */ = {isa = PBXBuildFile; fileRef = B6A553D92CBB34260085A38C /* ShowWeatherCoordinator.swift */; };
/* End PBXBuildFile section */

/* Begin PBXContainerItemProxy section */
		B6A551BB2CB9CFA70085A38C /* PBXContainerItemProxy */ = {
			isa = PBXContainerItemProxy;
			containerPortal = B6A5519C2CB9CFA50085A38C /* Project object */;
			proxyType = 1;
			remoteGlobalIDString = B6A551A32CB9CFA50085A38C;
			remoteInfo = Weather;
		};
		B6A551C52CB9CFA70085A38C /* PBXContainerItemProxy */ = {
			isa = PBXContainerItemProxy;
			containerPortal = B6A5519C2CB9CFA50085A38C /* Project object */;
			proxyType = 1;
			remoteGlobalIDString = B6A551A32CB9CFA50085A38C;
			remoteInfo = Weather;
		};
/* End PBXContainerItemProxy section */

/* Begin PBXCopyFilesBuildPhase section */
		B6A5522C2CB9D9B30085A38C /* Embed Frameworks */ = {
			isa = PBXCopyFilesBuildPhase;
			buildActionMask = 2147483647;
			dstPath = "";
			dstSubfolderSpec = 10;
			files = (
				B6A553502CBA05D60085A38C /* NetoworkCore.framework in Embed Frameworks */,
				B6A5522B2CB9D9B30085A38C /* Utils.framework in Embed Frameworks */,
				B6A553392CB9E8060085A38C /* WeatherUsecases.framework in Embed Frameworks */,
				B6A553A82CBA2CED0085A38C /* WeatherUI.framework in Embed Frameworks */,
				B6A5533F2CB9E8120085A38C /* WeatherEntities.framework in Embed Frameworks */,
				B6A553422CB9E8160085A38C /* WeatherDataSource.framework in Embed Frameworks */,
				B6A5533C2CB9E80E0085A38C /* WeatherCore.framework in Embed Frameworks */,
			);
			name = "Embed Frameworks";
			runOnlyForDeploymentPostprocessing = 0;
		};
/* End PBXCopyFilesBuildPhase section */

/* Begin PBXFileReference section */
		B6A551A42CB9CFA50085A38C /* Weather.app */ = {isa = PBXFileReference; explicitFileType = wrapper.application; includeInIndex = 0; path = Weather.app; sourceTree = BUILT_PRODUCTS_DIR; };
		B6A551A72CB9CFA50085A38C /* AppDelegate.swift */ = {isa = PBXFileReference; lastKnownFileType = sourcecode.swift; path = AppDelegate.swift; sourceTree = "<group>"; };
		B6A551B02CB9CFA70085A38C /* Assets.xcassets */ = {isa = PBXFileReference; lastKnownFileType = folder.assetcatalog; path = Assets.xcassets; sourceTree = "<group>"; };
		B6A551B32CB9CFA70085A38C /* Base */ = {isa = PBXFileReference; lastKnownFileType = file.storyboard; name = Base; path = Base.lproj/LaunchScreen.storyboard; sourceTree = "<group>"; };
		B6A551B52CB9CFA70085A38C /* Info.plist */ = {isa = PBXFileReference; lastKnownFileType = text.plist.xml; path = Info.plist; sourceTree = "<group>"; };
		B6A551BA2CB9CFA70085A38C /* WeatherTests.xctest */ = {isa = PBXFileReference; explicitFileType = wrapper.cfbundle; includeInIndex = 0; path = WeatherTests.xctest; sourceTree = BUILT_PRODUCTS_DIR; };
		B6A551BE2CB9CFA70085A38C /* WeatherTests.swift */ = {isa = PBXFileReference; lastKnownFileType = sourcecode.swift; path = WeatherTests.swift; sourceTree = "<group>"; };
		B6A551C42CB9CFA70085A38C /* WeatherUITests.xctest */ = {isa = PBXFileReference; explicitFileType = wrapper.cfbundle; includeInIndex = 0; path = WeatherUITests.xctest; sourceTree = BUILT_PRODUCTS_DIR; };
		B6A551C82CB9CFA70085A38C /* WeatherUITests.swift */ = {isa = PBXFileReference; lastKnownFileType = sourcecode.swift; path = WeatherUITests.swift; sourceTree = "<group>"; };
		B6A551CA2CB9CFA70085A38C /* WeatherUITestsLaunchTests.swift */ = {isa = PBXFileReference; lastKnownFileType = sourcecode.swift; path = WeatherUITestsLaunchTests.swift; sourceTree = "<group>"; };
		B6A551D82CB9D7500085A38C /* ShowWeatherViewController.swift */ = {isa = PBXFileReference; lastKnownFileType = sourcecode.swift; path = ShowWeatherViewController.swift; sourceTree = "<group>"; };
		B6A551D92CB9D7500085A38C /* ShowWeatherViewController.xib */ = {isa = PBXFileReference; lastKnownFileType = file.xib; path = ShowWeatherViewController.xib; sourceTree = "<group>"; };
		B6A552292CB9D9B30085A38C /* Utils.framework */ = {isa = PBXFileReference; explicitFileType = wrapper.framework; path = Utils.framework; sourceTree = BUILT_PRODUCTS_DIR; };
		B6A553372CB9E8060085A38C /* WeatherUsecases.framework */ = {isa = PBXFileReference; explicitFileType = wrapper.framework; path = WeatherUsecases.framework; sourceTree = BUILT_PRODUCTS_DIR; };
		B6A5533A2CB9E80E0085A38C /* WeatherCore.framework */ = {isa = PBXFileReference; explicitFileType = wrapper.framework; path = WeatherCore.framework; sourceTree = BUILT_PRODUCTS_DIR; };
		B6A5533D2CB9E8120085A38C /* WeatherEntities.framework */ = {isa = PBXFileReference; explicitFileType = wrapper.framework; path = WeatherEntities.framework; sourceTree = BUILT_PRODUCTS_DIR; };
		B6A553402CB9E8150085A38C /* WeatherDataSource.framework */ = {isa = PBXFileReference; explicitFileType = wrapper.framework; path = WeatherDataSource.framework; sourceTree = BUILT_PRODUCTS_DIR; };
		B6A5534E2CBA05D60085A38C /* NetoworkCore.framework */ = {isa = PBXFileReference; explicitFileType = wrapper.framework; path = NetoworkCore.framework; sourceTree = BUILT_PRODUCTS_DIR; };
		B6A553542CBA06280085A38C /* APIConfig.swift */ = {isa = PBXFileReference; lastKnownFileType = sourcecode.swift; path = APIConfig.swift; sourceTree = "<group>"; };
		B6A553562CBA066C0085A38C /* APIBundle.swift */ = {isa = PBXFileReference; lastKnownFileType = sourcecode.swift; path = APIBundle.swift; sourceTree = "<group>"; };
		B6A553A22CBA2C170085A38C /* ShowWeatherComponents.swift */ = {isa = PBXFileReference; lastKnownFileType = sourcecode.swift; path = ShowWeatherComponents.swift; sourceTree = "<group>"; };
		B6A553A62CBA2CED0085A38C /* WeatherUI.framework */ = {isa = PBXFileReference; explicitFileType = wrapper.framework; path = WeatherUI.framework; sourceTree = BUILT_PRODUCTS_DIR; };
		B6A553AD2CBADE350085A38C /* ShowWeatherViewModel.swift */ = {isa = PBXFileReference; lastKnownFileType = sourcecode.swift; path = ShowWeatherViewModel.swift; sourceTree = "<group>"; };
		B6A553AF2CBADEB60085A38C /* CurrentLocationViewModel+Dependencies.swift */ = {isa = PBXFileReference; lastKnownFileType = sourcecode.swift; path = "CurrentLocationViewModel+Dependencies.swift"; sourceTree = "<group>"; };
		B6A553B12CBAE0FD0085A38C /* ShowWeatherFactory.swift */ = {isa = PBXFileReference; lastKnownFileType = sourcecode.swift; path = ShowWeatherFactory.swift; sourceTree = "<group>"; };
		B6A553C42CBB14010085A38C /* ListWeatherCoordinator.swift */ = {isa = PBXFileReference; lastKnownFileType = sourcecode.swift; path = ListWeatherCoordinator.swift; sourceTree = "<group>"; };
		B6A553C52CBB14010085A38C /* ListWeatherFactory.swift */ = {isa = PBXFileReference; lastKnownFileType = sourcecode.swift; path = ListWeatherFactory.swift; sourceTree = "<group>"; };
		B6A553C62CBB14010085A38C /* ListWeatherViewController.swift */ = {isa = PBXFileReference; lastKnownFileType = sourcecode.swift; path = ListWeatherViewController.swift; sourceTree = "<group>"; };
		B6A553C72CBB14010085A38C /* ListWeatherComponent.swift */ = {isa = PBXFileReference; lastKnownFileType = sourcecode.swift; path = ListWeatherComponent.swift; sourceTree = "<group>"; };
		B6A553C82CBB14010085A38C /* ListWeatherViewModel+Dependencies.swift */ = {isa = PBXFileReference; lastKnownFileType = sourcecode.swift; path = "ListWeatherViewModel+Dependencies.swift"; sourceTree = "<group>"; };
		B6A553C92CBB14010085A38C /* ListWeatherViewModel.swift */ = {isa = PBXFileReference; lastKnownFileType = sourcecode.swift; path = ListWeatherViewModel.swift; sourceTree = "<group>"; };
		B6A553CA2CBB14010085A38C /* ListWeatherViewController.xib */ = {isa = PBXFileReference; lastKnownFileType = file.xib; path = ListWeatherViewController.xib; sourceTree = "<group>"; };
		B6A553D52CBB1D510085A38C /* AddressSearchTableViewController.swift */ = {isa = PBXFileReference; lastKnownFileType = sourcecode.swift; path = AddressSearchTableViewController.swift; sourceTree = "<group>"; };
		B6A553D62CBB1D510085A38C /* AddressSearchTableViewController.xib */ = {isa = PBXFileReference; lastKnownFileType = file.xib; path = AddressSearchTableViewController.xib; sourceTree = "<group>"; };
		B6A553D92CBB34260085A38C /* ShowWeatherCoordinator.swift */ = {isa = PBXFileReference; lastKnownFileType = sourcecode.swift; path = ShowWeatherCoordinator.swift; sourceTree = "<group>"; };
/* End PBXFileReference section */

/* Begin PBXFrameworksBuildPhase section */
		B6A551A12CB9CFA50085A38C /* Frameworks */ = {
			isa = PBXFrameworksBuildPhase;
			buildActionMask = 2147483647;
			files = (
				B6A5534F2CBA05D60085A38C /* NetoworkCore.framework in Frameworks */,
				B6A5522A2CB9D9B30085A38C /* Utils.framework in Frameworks */,
				B6A553382CB9E8060085A38C /* WeatherUsecases.framework in Frameworks */,
				B6A553A72CBA2CED0085A38C /* WeatherUI.framework in Frameworks */,
				B6A5533E2CB9E8120085A38C /* WeatherEntities.framework in Frameworks */,
				B6A553412CB9E8150085A38C /* WeatherDataSource.framework in Frameworks */,
				B6A5533B2CB9E80E0085A38C /* WeatherCore.framework in Frameworks */,
			);
			runOnlyForDeploymentPostprocessing = 0;
		};
		B6A551B72CB9CFA70085A38C /* Frameworks */ = {
			isa = PBXFrameworksBuildPhase;
			buildActionMask = 2147483647;
			files = (
			);
			runOnlyForDeploymentPostprocessing = 0;
		};
		B6A551C12CB9CFA70085A38C /* Frameworks */ = {
			isa = PBXFrameworksBuildPhase;
			buildActionMask = 2147483647;
			files = (
			);
			runOnlyForDeploymentPostprocessing = 0;
		};
/* End PBXFrameworksBuildPhase section */

/* Begin PBXGroup section */
		B6A5519B2CB9CFA50085A38C = {
			isa = PBXGroup;
			children = (
				B6A551A62CB9CFA50085A38C /* Weather */,
				B6A551BD2CB9CFA70085A38C /* WeatherTests */,
				B6A551C72CB9CFA70085A38C /* WeatherUITests */,
				B6A551A52CB9CFA50085A38C /* Products */,
				B6A552282CB9D9B30085A38C /* Frameworks */,
			);
			sourceTree = "<group>";
		};
		B6A551A52CB9CFA50085A38C /* Products */ = {
			isa = PBXGroup;
			children = (
				B6A551A42CB9CFA50085A38C /* Weather.app */,
				B6A551BA2CB9CFA70085A38C /* WeatherTests.xctest */,
				B6A551C42CB9CFA70085A38C /* WeatherUITests.xctest */,
			);
			name = Products;
			sourceTree = "<group>";
		};
		B6A551A62CB9CFA50085A38C /* Weather */ = {
			isa = PBXGroup;
			children = (
				B6A553532CBA061E0085A38C /* AppConfiguration */,
				B6A551D72CB9D1210085A38C /* Scenes */,
				B6A551A72CB9CFA50085A38C /* AppDelegate.swift */,
				B6A551B02CB9CFA70085A38C /* Assets.xcassets */,
				B6A551B22CB9CFA70085A38C /* LaunchScreen.storyboard */,
				B6A551B52CB9CFA70085A38C /* Info.plist */,
			);
			path = Weather;
			sourceTree = "<group>";
		};
		B6A551BD2CB9CFA70085A38C /* WeatherTests */ = {
			isa = PBXGroup;
			children = (
				B6A551BE2CB9CFA70085A38C /* WeatherTests.swift */,
			);
			path = WeatherTests;
			sourceTree = "<group>";
		};
		B6A551C72CB9CFA70085A38C /* WeatherUITests */ = {
			isa = PBXGroup;
			children = (
				B6A551C82CB9CFA70085A38C /* WeatherUITests.swift */,
				B6A551CA2CB9CFA70085A38C /* WeatherUITestsLaunchTests.swift */,
			);
			path = WeatherUITests;
			sourceTree = "<group>";
		};
		B6A551D72CB9D1210085A38C /* Scenes */ = {
			isa = PBXGroup;
			children = (
				B6A553D42CBB1BC30085A38C /* AddressSearch */,
				B6A553C32CBB13C50085A38C /* ListWeather */,
				B6A551DC2CB9D7540085A38C /* ShowWeather */,
			);
			path = Scenes;
			sourceTree = "<group>";
		};
		B6A551DC2CB9D7540085A38C /* ShowWeather */ = {
			isa = PBXGroup;
			children = (
				B6A551D82CB9D7500085A38C /* ShowWeatherViewController.swift */,
				B6A551D92CB9D7500085A38C /* ShowWeatherViewController.xib */,
				B6A553A22CBA2C170085A38C /* ShowWeatherComponents.swift */,
				B6A553AD2CBADE350085A38C /* ShowWeatherViewModel.swift */,
				B6A553AF2CBADEB60085A38C /* CurrentLocationViewModel+Dependencies.swift */,
				B6A553B12CBAE0FD0085A38C /* ShowWeatherFactory.swift */,
				B6A553D92CBB34260085A38C /* ShowWeatherCoordinator.swift */,
			);
			path = ShowWeather;
			sourceTree = "<group>";
		};
		B6A552282CB9D9B30085A38C /* Frameworks */ = {
			isa = PBXGroup;
			children = (
				B6A553A62CBA2CED0085A38C /* WeatherUI.framework */,
				B6A5534E2CBA05D60085A38C /* NetoworkCore.framework */,
				B6A553402CB9E8150085A38C /* WeatherDataSource.framework */,
				B6A5533D2CB9E8120085A38C /* WeatherEntities.framework */,
				B6A5533A2CB9E80E0085A38C /* WeatherCore.framework */,
				B6A553372CB9E8060085A38C /* WeatherUsecases.framework */,
				B6A552292CB9D9B30085A38C /* Utils.framework */,
			);
			name = Frameworks;
			sourceTree = "<group>";
		};
		B6A553532CBA061E0085A38C /* AppConfiguration */ = {
			isa = PBXGroup;
			children = (
				B6A553542CBA06280085A38C /* APIConfig.swift */,
				B6A553562CBA066C0085A38C /* APIBundle.swift */,
			);
			path = AppConfiguration;
			sourceTree = "<group>";
		};
		B6A553C32CBB13C50085A38C /* ListWeather */ = {
			isa = PBXGroup;
			children = (
				B6A553C42CBB14010085A38C /* ListWeatherCoordinator.swift */,
				B6A553C52CBB14010085A38C /* ListWeatherFactory.swift */,
				B6A553C62CBB14010085A38C /* ListWeatherViewController.swift */,
				B6A553C72CBB14010085A38C /* ListWeatherComponent.swift */,
				B6A553C82CBB14010085A38C /* ListWeatherViewModel+Dependencies.swift */,
				B6A553C92CBB14010085A38C /* ListWeatherViewModel.swift */,
				B6A553CA2CBB14010085A38C /* ListWeatherViewController.xib */,
			);
			path = ListWeather;
			sourceTree = "<group>";
		};
		B6A553D42CBB1BC30085A38C /* AddressSearch */ = {
			isa = PBXGroup;
			children = (
				B6A553D52CBB1D510085A38C /* AddressSearchTableViewController.swift */,
				B6A553D62CBB1D510085A38C /* AddressSearchTableViewController.xib */,
			);
			path = AddressSearch;
			sourceTree = "<group>";
		};
/* End PBXGroup section */

/* Begin PBXNativeTarget section */
		B6A551A32CB9CFA50085A38C /* Weather */ = {
			isa = PBXNativeTarget;
			buildConfigurationList = B6A551CE2CB9CFA70085A38C /* Build configuration list for PBXNativeTarget "Weather" */;
			buildPhases = (
				B6A551A02CB9CFA50085A38C /* Sources */,
				B6A551A12CB9CFA50085A38C /* Frameworks */,
				B6A551A22CB9CFA50085A38C /* Resources */,
				B6A5522C2CB9D9B30085A38C /* Embed Frameworks */,
			);
			buildRules = (
			);
			dependencies = (
			);
			name = Weather;
			productName = Weather;
			productReference = B6A551A42CB9CFA50085A38C /* Weather.app */;
			productType = "com.apple.product-type.application";
		};
		B6A551B92CB9CFA70085A38C /* WeatherTests */ = {
			isa = PBXNativeTarget;
			buildConfigurationList = B6A551D12CB9CFA70085A38C /* Build configuration list for PBXNativeTarget "WeatherTests" */;
			buildPhases = (
				B6A551B62CB9CFA70085A38C /* Sources */,
				B6A551B72CB9CFA70085A38C /* Frameworks */,
				B6A551B82CB9CFA70085A38C /* Resources */,
			);
			buildRules = (
			);
			dependencies = (
				B6A551BC2CB9CFA70085A38C /* PBXTargetDependency */,
			);
			name = WeatherTests;
			productName = WeatherTests;
			productReference = B6A551BA2CB9CFA70085A38C /* WeatherTests.xctest */;
			productType = "com.apple.product-type.bundle.unit-test";
		};
		B6A551C32CB9CFA70085A38C /* WeatherUITests */ = {
			isa = PBXNativeTarget;
			buildConfigurationList = B6A551D42CB9CFA70085A38C /* Build configuration list for PBXNativeTarget "WeatherUITests" */;
			buildPhases = (
				B6A551C02CB9CFA70085A38C /* Sources */,
				B6A551C12CB9CFA70085A38C /* Frameworks */,
				B6A551C22CB9CFA70085A38C /* Resources */,
			);
			buildRules = (
			);
			dependencies = (
				B6A551C62CB9CFA70085A38C /* PBXTargetDependency */,
			);
			name = WeatherUITests;
			productName = WeatherUITests;
			productReference = B6A551C42CB9CFA70085A38C /* WeatherUITests.xctest */;
			productType = "com.apple.product-type.bundle.ui-testing";
		};
/* End PBXNativeTarget section */

/* Begin PBXProject section */
		B6A5519C2CB9CFA50085A38C /* Project object */ = {
			isa = PBXProject;
			attributes = {
				BuildIndependentTargetsInParallel = 1;
				LastSwiftUpdateCheck = 1540;
				LastUpgradeCheck = 1540;
				TargetAttributes = {
					B6A551A32CB9CFA50085A38C = {
						CreatedOnToolsVersion = 15.4;
					};
					B6A551B92CB9CFA70085A38C = {
						CreatedOnToolsVersion = 15.4;
						TestTargetID = B6A551A32CB9CFA50085A38C;
					};
					B6A551C32CB9CFA70085A38C = {
						CreatedOnToolsVersion = 15.4;
						TestTargetID = B6A551A32CB9CFA50085A38C;
					};
				};
			};
			buildConfigurationList = B6A5519F2CB9CFA50085A38C /* Build configuration list for PBXProject "Weather" */;
			compatibilityVersion = "Xcode 14.0";
			developmentRegion = en;
			hasScannedForEncodings = 0;
			knownRegions = (
				en,
				Base,
			);
			mainGroup = B6A5519B2CB9CFA50085A38C;
			productRefGroup = B6A551A52CB9CFA50085A38C /* Products */;
			projectDirPath = "";
			projectRoot = "";
			targets = (
				B6A551A32CB9CFA50085A38C /* Weather */,
				B6A551B92CB9CFA70085A38C /* WeatherTests */,
				B6A551C32CB9CFA70085A38C /* WeatherUITests */,
			);
		};
/* End PBXProject section */

/* Begin PBXResourcesBuildPhase section */
		B6A551A22CB9CFA50085A38C /* Resources */ = {
			isa = PBXResourcesBuildPhase;
			buildActionMask = 2147483647;
			files = (
				B6A551DB2CB9D7500085A38C /* ShowWeatherViewController.xib in Resources */,
				B6A553D32CBB14010085A38C /* ListWeatherViewController.xib in Resources */,
				B6A553D82CBB1D510085A38C /* AddressSearchTableViewController.xib in Resources */,
				B6A551B12CB9CFA70085A38C /* Assets.xcassets in Resources */,
				B6A551B42CB9CFA70085A38C /* Base in Resources */,
			);
			runOnlyForDeploymentPostprocessing = 0;
		};
		B6A551B82CB9CFA70085A38C /* Resources */ = {
			isa = PBXResourcesBuildPhase;
			buildActionMask = 2147483647;
			files = (
			);
			runOnlyForDeploymentPostprocessing = 0;
		};
		B6A551C22CB9CFA70085A38C /* Resources */ = {
			isa = PBXResourcesBuildPhase;
			buildActionMask = 2147483647;
			files = (
			);
			runOnlyForDeploymentPostprocessing = 0;
		};
/* End PBXResourcesBuildPhase section */

/* Begin PBXSourcesBuildPhase section */
		B6A551A02CB9CFA50085A38C /* Sources */ = {
			isa = PBXSourcesBuildPhase;
			buildActionMask = 2147483647;
			files = (
				B6A553CC2CBB14010085A38C /* ListWeatherCoordinator.swift in Sources */,
				B6A553CD2CBB14010085A38C /* ListWeatherFactory.swift in Sources */,
				B6A553CE2CBB14010085A38C /* ListWeatherViewController.swift in Sources */,
				B6A553CF2CBB14010085A38C /* ListWeatherComponent.swift in Sources */,
				B6A553D02CBB14010085A38C /* ListWeatherViewModel+Dependencies.swift in Sources */,
				B6A553D12CBB14010085A38C /* ListWeatherViewModel.swift in Sources */,
				B6A553D72CBB1D510085A38C /* AddressSearchTableViewController.swift in Sources */,
				B6A553B02CBADEB60085A38C /* CurrentLocationViewModel+Dependencies.swift in Sources */,
				B6A551A82CB9CFA50085A38C /* AppDelegate.swift in Sources */,
				B6A551DA2CB9D7500085A38C /* ShowWeatherViewController.swift in Sources */,
				B6A553B22CBAE0FD0085A38C /* ShowWeatherFactory.swift in Sources */,
				B6A553A32CBA2C170085A38C /* ShowWeatherComponents.swift in Sources */,
				B6A553DA2CBB34260085A38C /* ShowWeatherCoordinator.swift in Sources */,
				B6A553572CBA066C0085A38C /* APIBundle.swift in Sources */,
				B6A553552CBA06280085A38C /* APIConfig.swift in Sources */,
				B6A553AE2CBADE350085A38C /* ShowWeatherViewModel.swift in Sources */,
			);
			runOnlyForDeploymentPostprocessing = 0;
		};
		B6A551B62CB9CFA70085A38C /* Sources */ = {
			isa = PBXSourcesBuildPhase;
			buildActionMask = 2147483647;
			files = (
				B6A551BF2CB9CFA70085A38C /* WeatherTests.swift in Sources */,
			);
			runOnlyForDeploymentPostprocessing = 0;
		};
		B6A551C02CB9CFA70085A38C /* Sources */ = {
			isa = PBXSourcesBuildPhase;
			buildActionMask = 2147483647;
			files = (
				B6A551C92CB9CFA70085A38C /* WeatherUITests.swift in Sources */,
				B6A551CB2CB9CFA70085A38C /* WeatherUITestsLaunchTests.swift in Sources */,
			);
			runOnlyForDeploymentPostprocessing = 0;
		};
/* End PBXSourcesBuildPhase section */

/* Begin PBXTargetDependency section */
		B6A551BC2CB9CFA70085A38C /* PBXTargetDependency */ = {
			isa = PBXTargetDependency;
			target = B6A551A32CB9CFA50085A38C /* Weather */;
			targetProxy = B6A551BB2CB9CFA70085A38C /* PBXContainerItemProxy */;
		};
		B6A551C62CB9CFA70085A38C /* PBXTargetDependency */ = {
			isa = PBXTargetDependency;
			target = B6A551A32CB9CFA50085A38C /* Weather */;
			targetProxy = B6A551C52CB9CFA70085A38C /* PBXContainerItemProxy */;
		};
/* End PBXTargetDependency section */

/* Begin PBXVariantGroup section */
		B6A551B22CB9CFA70085A38C /* LaunchScreen.storyboard */ = {
			isa = PBXVariantGroup;
			children = (
				B6A551B32CB9CFA70085A38C /* Base */,
			);
			name = LaunchScreen.storyboard;
			sourceTree = "<group>";
		};
/* End PBXVariantGroup section */

/* Begin XCBuildConfiguration section */
		B6A551CC2CB9CFA70085A38C /* Debug */ = {
			isa = XCBuildConfiguration;
			buildSettings = {
				ALWAYS_SEARCH_USER_PATHS = NO;
				ASSETCATALOG_COMPILER_GENERATE_SWIFT_ASSET_SYMBOL_EXTENSIONS = YES;
				CLANG_ANALYZER_NONNULL = YES;
				CLANG_ANALYZER_NUMBER_OBJECT_CONVERSION = YES_AGGRESSIVE;
				CLANG_CXX_LANGUAGE_STANDARD = "gnu++20";
				CLANG_ENABLE_MODULES = YES;
				CLANG_ENABLE_OBJC_ARC = YES;
				CLANG_ENABLE_OBJC_WEAK = YES;
				CLANG_WARN_BLOCK_CAPTURE_AUTORELEASING = YES;
				CLANG_WARN_BOOL_CONVERSION = YES;
				CLANG_WARN_COMMA = YES;
				CLANG_WARN_CONSTANT_CONVERSION = YES;
				CLANG_WARN_DEPRECATED_OBJC_IMPLEMENTATIONS = YES;
				CLANG_WARN_DIRECT_OBJC_ISA_USAGE = YES_ERROR;
				CLANG_WARN_DOCUMENTATION_COMMENTS = YES;
				CLANG_WARN_EMPTY_BODY = YES;
				CLANG_WARN_ENUM_CONVERSION = YES;
				CLANG_WARN_INFINITE_RECURSION = YES;
				CLANG_WARN_INT_CONVERSION = YES;
				CLANG_WARN_NON_LITERAL_NULL_CONVERSION = YES;
				CLANG_WARN_OBJC_IMPLICIT_RETAIN_SELF = YES;
				CLANG_WARN_OBJC_LITERAL_CONVERSION = YES;
				CLANG_WARN_OBJC_ROOT_CLASS = YES_ERROR;
				CLANG_WARN_QUOTED_INCLUDE_IN_FRAMEWORK_HEADER = YES;
				CLANG_WARN_RANGE_LOOP_ANALYSIS = YES;
				CLANG_WARN_STRICT_PROTOTYPES = YES;
				CLANG_WARN_SUSPICIOUS_MOVE = YES;
				CLANG_WARN_UNGUARDED_AVAILABILITY = YES_AGGRESSIVE;
				CLANG_WARN_UNREACHABLE_CODE = YES;
				CLANG_WARN__DUPLICATE_METHOD_MATCH = YES;
				COPY_PHASE_STRIP = NO;
				DEBUG_INFORMATION_FORMAT = dwarf;
				ENABLE_STRICT_OBJC_MSGSEND = YES;
				ENABLE_TESTABILITY = YES;
				ENABLE_USER_SCRIPT_SANDBOXING = YES;
				GCC_C_LANGUAGE_STANDARD = gnu17;
				GCC_DYNAMIC_NO_PIC = NO;
				GCC_NO_COMMON_BLOCKS = YES;
				GCC_OPTIMIZATION_LEVEL = 0;
				GCC_PREPROCESSOR_DEFINITIONS = (
					"DEBUG=1",
					"$(inherited)",
				);
				GCC_WARN_64_TO_32_BIT_CONVERSION = YES;
				GCC_WARN_ABOUT_RETURN_TYPE = YES_ERROR;
				GCC_WARN_UNDECLARED_SELECTOR = YES;
				GCC_WARN_UNINITIALIZED_AUTOS = YES_AGGRESSIVE;
				GCC_WARN_UNUSED_FUNCTION = YES;
				GCC_WARN_UNUSED_VARIABLE = YES;
				IPHONEOS_DEPLOYMENT_TARGET = 17.5;
				LOCALIZATION_PREFERS_STRING_CATALOGS = YES;
				MTL_ENABLE_DEBUG_INFO = INCLUDE_SOURCE;
				MTL_FAST_MATH = YES;
				ONLY_ACTIVE_ARCH = YES;
				SDKROOT = iphoneos;
				SWIFT_ACTIVE_COMPILATION_CONDITIONS = "DEBUG $(inherited)";
				SWIFT_OPTIMIZATION_LEVEL = "-Onone";
			};
			name = Debug;
		};
		B6A551CD2CB9CFA70085A38C /* Release */ = {
			isa = XCBuildConfiguration;
			buildSettings = {
				ALWAYS_SEARCH_USER_PATHS = NO;
				ASSETCATALOG_COMPILER_GENERATE_SWIFT_ASSET_SYMBOL_EXTENSIONS = YES;
				CLANG_ANALYZER_NONNULL = YES;
				CLANG_ANALYZER_NUMBER_OBJECT_CONVERSION = YES_AGGRESSIVE;
				CLANG_CXX_LANGUAGE_STANDARD = "gnu++20";
				CLANG_ENABLE_MODULES = YES;
				CLANG_ENABLE_OBJC_ARC = YES;
				CLANG_ENABLE_OBJC_WEAK = YES;
				CLANG_WARN_BLOCK_CAPTURE_AUTORELEASING = YES;
				CLANG_WARN_BOOL_CONVERSION = YES;
				CLANG_WARN_COMMA = YES;
				CLANG_WARN_CONSTANT_CONVERSION = YES;
				CLANG_WARN_DEPRECATED_OBJC_IMPLEMENTATIONS = YES;
				CLANG_WARN_DIRECT_OBJC_ISA_USAGE = YES_ERROR;
				CLANG_WARN_DOCUMENTATION_COMMENTS = YES;
				CLANG_WARN_EMPTY_BODY = YES;
				CLANG_WARN_ENUM_CONVERSION = YES;
				CLANG_WARN_INFINITE_RECURSION = YES;
				CLANG_WARN_INT_CONVERSION = YES;
				CLANG_WARN_NON_LITERAL_NULL_CONVERSION = YES;
				CLANG_WARN_OBJC_IMPLICIT_RETAIN_SELF = YES;
				CLANG_WARN_OBJC_LITERAL_CONVERSION = YES;
				CLANG_WARN_OBJC_ROOT_CLASS = YES_ERROR;
				CLANG_WARN_QUOTED_INCLUDE_IN_FRAMEWORK_HEADER = YES;
				CLANG_WARN_RANGE_LOOP_ANALYSIS = YES;
				CLANG_WARN_STRICT_PROTOTYPES = YES;
				CLANG_WARN_SUSPICIOUS_MOVE = YES;
				CLANG_WARN_UNGUARDED_AVAILABILITY = YES_AGGRESSIVE;
				CLANG_WARN_UNREACHABLE_CODE = YES;
				CLANG_WARN__DUPLICATE_METHOD_MATCH = YES;
				COPY_PHASE_STRIP = NO;
				DEBUG_INFORMATION_FORMAT = "dwarf-with-dsym";
				ENABLE_NS_ASSERTIONS = NO;
				ENABLE_STRICT_OBJC_MSGSEND = YES;
				ENABLE_USER_SCRIPT_SANDBOXING = YES;
				GCC_C_LANGUAGE_STANDARD = gnu17;
				GCC_NO_COMMON_BLOCKS = YES;
				GCC_WARN_64_TO_32_BIT_CONVERSION = YES;
				GCC_WARN_ABOUT_RETURN_TYPE = YES_ERROR;
				GCC_WARN_UNDECLARED_SELECTOR = YES;
				GCC_WARN_UNINITIALIZED_AUTOS = YES_AGGRESSIVE;
				GCC_WARN_UNUSED_FUNCTION = YES;
				GCC_WARN_UNUSED_VARIABLE = YES;
				IPHONEOS_DEPLOYMENT_TARGET = 17.5;
				LOCALIZATION_PREFERS_STRING_CATALOGS = YES;
				MTL_ENABLE_DEBUG_INFO = NO;
				MTL_FAST_MATH = YES;
				SDKROOT = iphoneos;
				SWIFT_COMPILATION_MODE = wholemodule;
				VALIDATE_PRODUCT = YES;
			};
			name = Release;
		};
		B6A551CF2CB9CFA70085A38C /* Debug */ = {
			isa = XCBuildConfiguration;
			buildSettings = {
				ASSETCATALOG_COMPILER_APPICON_NAME = AppIcon;
				ASSETCATALOG_COMPILER_GLOBAL_ACCENT_COLOR_NAME = AccentColor;
				CODE_SIGN_STYLE = Automatic;
				CURRENT_PROJECT_VERSION = 1;
				GENERATE_INFOPLIST_FILE = YES;
				INFOPLIST_FILE = Weather/Info.plist;
				INFOPLIST_KEY_UIApplicationSupportsIndirectInputEvents = YES;
				INFOPLIST_KEY_UILaunchStoryboardName = LaunchScreen;
				INFOPLIST_KEY_UIMainStoryboardFile = "";
				INFOPLIST_KEY_UISupportedInterfaceOrientations_iPad = "UIInterfaceOrientationPortrait UIInterfaceOrientationPortraitUpsideDown UIInterfaceOrientationLandscapeLeft UIInterfaceOrientationLandscapeRight";
				INFOPLIST_KEY_UISupportedInterfaceOrientations_iPhone = "UIInterfaceOrientationPortrait UIInterfaceOrientationLandscapeLeft UIInterfaceOrientationLandscapeRight";
				LD_RUNPATH_SEARCH_PATHS = (
					"$(inherited)",
					"@executable_path/Frameworks",
				);
				MARKETING_VERSION = 1.0;
				PRODUCT_BUNDLE_IDENTIFIER = com.andres.Weather;
				PRODUCT_NAME = "$(TARGET_NAME)";
				SWIFT_EMIT_LOC_STRINGS = YES;
				SWIFT_VERSION = 5.0;
				TARGETED_DEVICE_FAMILY = "1,2";
			};
			name = Debug;
		};
		B6A551D02CB9CFA70085A38C /* Release */ = {
			isa = XCBuildConfiguration;
			buildSettings = {
				ASSETCATALOG_COMPILER_APPICON_NAME = AppIcon;
				ASSETCATALOG_COMPILER_GLOBAL_ACCENT_COLOR_NAME = AccentColor;
				CODE_SIGN_STYLE = Automatic;
				CURRENT_PROJECT_VERSION = 1;
				GENERATE_INFOPLIST_FILE = YES;
				INFOPLIST_FILE = Weather/Info.plist;
				INFOPLIST_KEY_UIApplicationSupportsIndirectInputEvents = YES;
				INFOPLIST_KEY_UILaunchStoryboardName = LaunchScreen;
				INFOPLIST_KEY_UIMainStoryboardFile = "";
				INFOPLIST_KEY_UISupportedInterfaceOrientations_iPad = "UIInterfaceOrientationPortrait UIInterfaceOrientationPortraitUpsideDown UIInterfaceOrientationLandscapeLeft UIInterfaceOrientationLandscapeRight";
				INFOPLIST_KEY_UISupportedInterfaceOrientations_iPhone = "UIInterfaceOrientationPortrait UIInterfaceOrientationLandscapeLeft UIInterfaceOrientationLandscapeRight";
				LD_RUNPATH_SEARCH_PATHS = (
					"$(inherited)",
					"@executable_path/Frameworks",
				);
				MARKETING_VERSION = 1.0;
				PRODUCT_BUNDLE_IDENTIFIER = com.andres.Weather;
				PRODUCT_NAME = "$(TARGET_NAME)";
				SWIFT_EMIT_LOC_STRINGS = YES;
				SWIFT_VERSION = 5.0;
				TARGETED_DEVICE_FAMILY = "1,2";
			};
			name = Release;
		};
		B6A551D22CB9CFA70085A38C /* Debug */ = {
			isa = XCBuildConfiguration;
			buildSettings = {
				ALWAYS_EMBED_SWIFT_STANDARD_LIBRARIES = YES;
				BUNDLE_LOADER = "$(TEST_HOST)";
				CODE_SIGN_STYLE = Automatic;
				CURRENT_PROJECT_VERSION = 1;
				GENERATE_INFOPLIST_FILE = YES;
				IPHONEOS_DEPLOYMENT_TARGET = 17.5;
				MARKETING_VERSION = 1.0;
				PRODUCT_BUNDLE_IDENTIFIER = com.andres.WeatherTests;
				PRODUCT_NAME = "$(TARGET_NAME)";
				SWIFT_EMIT_LOC_STRINGS = NO;
				SWIFT_VERSION = 5.0;
				TARGETED_DEVICE_FAMILY = "1,2";
				TEST_HOST = "$(BUILT_PRODUCTS_DIR)/Weather.app/$(BUNDLE_EXECUTABLE_FOLDER_PATH)/Weather";
			};
			name = Debug;
		};
		B6A551D32CB9CFA70085A38C /* Release */ = {
			isa = XCBuildConfiguration;
			buildSettings = {
				ALWAYS_EMBED_SWIFT_STANDARD_LIBRARIES = YES;
				BUNDLE_LOADER = "$(TEST_HOST)";
				CODE_SIGN_STYLE = Automatic;
				CURRENT_PROJECT_VERSION = 1;
				GENERATE_INFOPLIST_FILE = YES;
				IPHONEOS_DEPLOYMENT_TARGET = 17.5;
				MARKETING_VERSION = 1.0;
				PRODUCT_BUNDLE_IDENTIFIER = com.andres.WeatherTests;
				PRODUCT_NAME = "$(TARGET_NAME)";
				SWIFT_EMIT_LOC_STRINGS = NO;
				SWIFT_VERSION = 5.0;
				TARGETED_DEVICE_FAMILY = "1,2";
				TEST_HOST = "$(BUILT_PRODUCTS_DIR)/Weather.app/$(BUNDLE_EXECUTABLE_FOLDER_PATH)/Weather";
			};
			name = Release;
		};
		B6A551D52CB9CFA70085A38C /* Debug */ = {
			isa = XCBuildConfiguration;
			buildSettings = {
				ALWAYS_EMBED_SWIFT_STANDARD_LIBRARIES = YES;
				CODE_SIGN_STYLE = Automatic;
				CURRENT_PROJECT_VERSION = 1;
				GENERATE_INFOPLIST_FILE = YES;
				MARKETING_VERSION = 1.0;
				PRODUCT_BUNDLE_IDENTIFIER = com.andres.WeatherUITests;
				PRODUCT_NAME = "$(TARGET_NAME)";
				SWIFT_EMIT_LOC_STRINGS = NO;
				SWIFT_VERSION = 5.0;
				TARGETED_DEVICE_FAMILY = "1,2";
				TEST_TARGET_NAME = Weather;
			};
			name = Debug;
		};
		B6A551D62CB9CFA70085A38C /* Release */ = {
			isa = XCBuildConfiguration;
			buildSettings = {
				ALWAYS_EMBED_SWIFT_STANDARD_LIBRARIES = YES;
				CODE_SIGN_STYLE = Automatic;
				CURRENT_PROJECT_VERSION = 1;
				GENERATE_INFOPLIST_FILE = YES;
				MARKETING_VERSION = 1.0;
				PRODUCT_BUNDLE_IDENTIFIER = com.andres.WeatherUITests;
				PRODUCT_NAME = "$(TARGET_NAME)";
				SWIFT_EMIT_LOC_STRINGS = NO;
				SWIFT_VERSION = 5.0;
				TARGETED_DEVICE_FAMILY = "1,2";
				TEST_TARGET_NAME = Weather;
			};
			name = Release;
		};
/* End XCBuildConfiguration section */

/* Begin XCConfigurationList section */
		B6A5519F2CB9CFA50085A38C /* Build configuration list for PBXProject "Weather" */ = {
			isa = XCConfigurationList;
			buildConfigurations = (
				B6A551CC2CB9CFA70085A38C /* Debug */,
				B6A551CD2CB9CFA70085A38C /* Release */,
			);
			defaultConfigurationIsVisible = 0;
			defaultConfigurationName = Release;
		};
		B6A551CE2CB9CFA70085A38C /* Build configuration list for PBXNativeTarget "Weather" */ = {
			isa = XCConfigurationList;
			buildConfigurations = (
				B6A551CF2CB9CFA70085A38C /* Debug */,
				B6A551D02CB9CFA70085A38C /* Release */,
			);
			defaultConfigurationIsVisible = 0;
			defaultConfigurationName = Release;
		};
		B6A551D12CB9CFA70085A38C /* Build configuration list for PBXNativeTarget "WeatherTests" */ = {
			isa = XCConfigurationList;
			buildConfigurations = (
				B6A551D22CB9CFA70085A38C /* Debug */,
				B6A551D32CB9CFA70085A38C /* Release */,
			);
			defaultConfigurationIsVisible = 0;
			defaultConfigurationName = Release;
		};
		B6A551D42CB9CFA70085A38C /* Build configuration list for PBXNativeTarget "WeatherUITests" */ = {
			isa = XCConfigurationList;
			buildConfigurations = (
				B6A551D52CB9CFA70085A38C /* Debug */,
				B6A551D62CB9CFA70085A38C /* Release */,
			);
			defaultConfigurationIsVisible = 0;
			defaultConfigurationName = Release;
		};
/* End XCConfigurationList section */
	};
	rootObject = B6A5519C2CB9CFA50085A38C /* Project object */;
}
