// !$*UTF8*$!
{
	archiveVersion = 1;
	classes = {
	};
	objectVersion = 56;
	objects = {

/* Begin PBXBuildFile section */
		B60AFABC2CBE0D47000E8B18 /* WeatherRemoteDataSourceMock.swift in Sources */ = {isa = PBXBuildFile; fileRef = B60AFABB2CBE0D47000E8B18 /* WeatherRemoteDataSourceMock.swift */; };
		B60AFABE2CBE0F32000E8B18 /* GetWeatherUsecaseTests.swift in Sources */ = {isa = PBXBuildFile; fileRef = B60AFABD2CBE0F32000E8B18 /* GetWeatherUsecaseTests.swift */; };
		B60AFAC02CBE1069000E8B18 /* GetWeatherIconTests.swift in Sources */ = {isa = PBXBuildFile; fileRef = B60AFABF2CBE1069000E8B18 /* GetWeatherIconTests.swift */; };
		B60AFAC22CBE10B0000E8B18 /* WeatherIconRemoteDataSourceMock.swift in Sources */ = {isa = PBXBuildFile; fileRef = B60AFAC12CBE10B0000E8B18 /* WeatherIconRemoteDataSourceMock.swift */; };
		B60AFAC52CBE119B000E8B18 /* WeatherDBLocalDataSourceMock.swift in Sources */ = {isa = PBXBuildFile; fileRef = B60AFAC42CBE119B000E8B18 /* WeatherDBLocalDataSourceMock.swift */; };
		B60AFAC72CBE128B000E8B18 /* GetLocalObjectUsecaseTests.swift in Sources */ = {isa = PBXBuildFile; fileRef = B60AFAC62CBE128B000E8B18 /* GetLocalObjectUsecaseTests.swift */; };
		B60AFAC92CBE13DC000E8B18 /* DeleteLocalObjectUsecaseTests.swift in Sources */ = {isa = PBXBuildFile; fileRef = B60AFAC82CBE13DC000E8B18 /* DeleteLocalObjectUsecaseTests.swift */; };
		B60AFACB2CBE13EC000E8B18 /* SaveLocalObjectUsecaseTests.swift in Sources */ = {isa = PBXBuildFile; fileRef = B60AFACA2CBE13EC000E8B18 /* SaveLocalObjectUsecaseTests.swift */; };
		B60AFACD2CBE13F8000E8B18 /* UpdateLocalObjectUsecaseTests.swift in Sources */ = {isa = PBXBuildFile; fileRef = B60AFACC2CBE13F8000E8B18 /* UpdateLocalObjectUsecaseTests.swift */; };
		B60AFAD52CBED328000E8B18 /* LocalNotificationServiceMock.swift in Sources */ = {isa = PBXBuildFile; fileRef = B60AFAD42CBED328000E8B18 /* LocalNotificationServiceMock.swift */; };
		B60AFAD72CBED36A000E8B18 /* RequestAuthLocalNotificationUsecaseTests.swift in Sources */ = {isa = PBXBuildFile; fileRef = B60AFAD62CBED36A000E8B18 /* RequestAuthLocalNotificationUsecaseTests.swift */; };
		B60AFAD92CBED40A000E8B18 /* RemoveLocalNotificationUsecaseTests.swift in Sources */ = {isa = PBXBuildFile; fileRef = B60AFAD82CBED40A000E8B18 /* RemoveLocalNotificationUsecaseTests.swift */; };
		B60AFADB2CBED44C000E8B18 /* ScheduleLocalNotificationUsecaseTests.swift in Sources */ = {isa = PBXBuildFile; fileRef = B60AFADA2CBED44C000E8B18 /* ScheduleLocalNotificationUsecaseTests.swift */; };
		B60AFADE2CBED76A000E8B18 /* LocationServiceMock.swift in Sources */ = {isa = PBXBuildFile; fileRef = B60AFADD2CBED76A000E8B18 /* LocationServiceMock.swift */; };
		B60AFAE02CBED77D000E8B18 /* StarLocalizationUseCaseTests.swift in Sources */ = {isa = PBXBuildFile; fileRef = B60AFADF2CBED77D000E8B18 /* StarLocalizationUseCaseTests.swift */; };
		B60AFAE82CBED9FA000E8B18 /* GeocoderServiceMock.swift in Sources */ = {isa = PBXBuildFile; fileRef = B60AFAE72CBED9FA000E8B18 /* GeocoderServiceMock.swift */; };
		B60AFAEA2CBEDA3E000E8B18 /* GetAddressByCoordinatesUsecaseTests.swift in Sources */ = {isa = PBXBuildFile; fileRef = B60AFAE92CBEDA3E000E8B18 /* GetAddressByCoordinatesUsecaseTests.swift */; };
		B6A5523C2CB9DB650085A38C /* WeatherUsecases.docc in Sources */ = {isa = PBXBuildFile; fileRef = B6A5523B2CB9DB650085A38C /* WeatherUsecases.docc */; };
		B6A552422CB9DB650085A38C /* WeatherUsecases.framework in Frameworks */ = {isa = PBXBuildFile; fileRef = B6A552372CB9DB650085A38C /* WeatherUsecases.framework */; };
		B6A552482CB9DB650085A38C /* WeatherUsecases.h in Headers */ = {isa = PBXBuildFile; fileRef = B6A5523A2CB9DB650085A38C /* WeatherUsecases.h */; settings = {ATTRIBUTES = (Public, ); }; };
		B6A553242CB9E4800085A38C /* WeatherDataSource.framework in Frameworks */ = {isa = PBXBuildFile; fileRef = B6A553232CB9E4800085A38C /* WeatherDataSource.framework */; };
		B6A553282CB9E4860085A38C /* Utils.framework in Frameworks */ = {isa = PBXBuildFile; fileRef = B6A553272CB9E4860085A38C /* Utils.framework */; };
		B6A5532B2CB9E48B0085A38C /* WeatherEntities.framework in Frameworks */ = {isa = PBXBuildFile; fileRef = B6A5532A2CB9E48B0085A38C /* WeatherEntities.framework */; };
		B6A5532E2CB9E4950085A38C /* WeatherCore.framework in Frameworks */ = {isa = PBXBuildFile; fileRef = B6A5532D2CB9E4950085A38C /* WeatherCore.framework */; };
		B6A553322CB9E5DF0085A38C /* StarLocationUsecase.swift in Sources */ = {isa = PBXBuildFile; fileRef = B6A553312CB9E5DF0085A38C /* StarLocationUsecase.swift */; };
		B6A553362CB9E7980085A38C /* GetCurrentLocationUsecase.swift in Sources */ = {isa = PBXBuildFile; fileRef = B6A553352CB9E7980085A38C /* GetCurrentLocationUsecase.swift */; };
		B6A553762CBA15440085A38C /* GetWeatherUsecase.swift in Sources */ = {isa = PBXBuildFile; fileRef = B6A553752CBA15440085A38C /* GetWeatherUsecase.swift */; };
		B6A553AC2CBA2FD60085A38C /* GetAddressByCoordinatesUseCaseType.swift in Sources */ = {isa = PBXBuildFile; fileRef = B6A553AB2CBA2FD60085A38C /* GetAddressByCoordinatesUseCaseType.swift */; };
		B6A553F42CBB67070085A38C /* GetWeatherIconUsecase.swift in Sources */ = {isa = PBXBuildFile; fileRef = B6A553F32CBB67070085A38C /* GetWeatherIconUsecase.swift */; };
		B6A554022CBC309A0085A38C /* SaveLocalObjectUsecase.swift in Sources */ = {isa = PBXBuildFile; fileRef = B6A554012CBC309A0085A38C /* SaveLocalObjectUsecase.swift */; };
		B6A554062CBC46BE0085A38C /* GetLocalObjectUsecase.swift in Sources */ = {isa = PBXBuildFile; fileRef = B6A554052CBC46BE0085A38C /* GetLocalObjectUsecase.swift */; };
		B6A5540B2CBC59720085A38C /* DeleteLocalObjectUsecase.swift in Sources */ = {isa = PBXBuildFile; fileRef = B6A5540A2CBC59720085A38C /* DeleteLocalObjectUsecase.swift */; };
		B6A554452CBD6DD20085A38C /* RequestAuthLocalNotificationUsecase.swift in Sources */ = {isa = PBXBuildFile; fileRef = B6A554442CBD6DD20085A38C /* RequestAuthLocalNotificationUsecase.swift */; };
		B6A554472CBD6ED10085A38C /* ScheduleLocalNotificationUsecase.swift in Sources */ = {isa = PBXBuildFile; fileRef = B6A554462CBD6ED10085A38C /* ScheduleLocalNotificationUsecase.swift */; };
		B6A5544B2CBD77920085A38C /* UpdateLocalObjectUsecase.swift in Sources */ = {isa = PBXBuildFile; fileRef = B6A5544A2CBD77920085A38C /* UpdateLocalObjectUsecase.swift */; };
		B6A5544D2CBD8F790085A38C /* RemoveLocalNotificationUsecase.swift in Sources */ = {isa = PBXBuildFile; fileRef = B6A5544C2CBD8F790085A38C /* RemoveLocalNotificationUsecase.swift */; };
		B6A554922CBDD3490085A38C /* GetCurrentLocationStatusUsecase.swift in Sources */ = {isa = PBXBuildFile; fileRef = B6A554912CBDD3490085A38C /* GetCurrentLocationStatusUsecase.swift */; };
/* End PBXBuildFile section */

/* Begin PBXContainerItemProxy section */
		B6A552432CB9DB650085A38C /* PBXContainerItemProxy */ = {
			isa = PBXContainerItemProxy;
			containerPortal = B6A5522E2CB9DB650085A38C /* Project object */;
			proxyType = 1;
			remoteGlobalIDString = B6A552362CB9DB650085A38C;
			remoteInfo = WeatherUsecases;
		};
/* End PBXContainerItemProxy section */

/* Begin PBXFileReference section */
		B60AFABB2CBE0D47000E8B18 /* WeatherRemoteDataSourceMock.swift */ = {isa = PBXFileReference; lastKnownFileType = sourcecode.swift; path = WeatherRemoteDataSourceMock.swift; sourceTree = "<group>"; };
		B60AFABD2CBE0F32000E8B18 /* GetWeatherUsecaseTests.swift */ = {isa = PBXFileReference; lastKnownFileType = sourcecode.swift; path = GetWeatherUsecaseTests.swift; sourceTree = "<group>"; };
		B60AFABF2CBE1069000E8B18 /* GetWeatherIconTests.swift */ = {isa = PBXFileReference; lastKnownFileType = sourcecode.swift; path = GetWeatherIconTests.swift; sourceTree = "<group>"; };
		B60AFAC12CBE10B0000E8B18 /* WeatherIconRemoteDataSourceMock.swift */ = {isa = PBXFileReference; lastKnownFileType = sourcecode.swift; path = WeatherIconRemoteDataSourceMock.swift; sourceTree = "<group>"; };
		B60AFAC42CBE119B000E8B18 /* WeatherDBLocalDataSourceMock.swift */ = {isa = PBXFileReference; lastKnownFileType = sourcecode.swift; path = WeatherDBLocalDataSourceMock.swift; sourceTree = "<group>"; };
		B60AFAC62CBE128B000E8B18 /* GetLocalObjectUsecaseTests.swift */ = {isa = PBXFileReference; lastKnownFileType = sourcecode.swift; path = GetLocalObjectUsecaseTests.swift; sourceTree = "<group>"; };
		B60AFAC82CBE13DC000E8B18 /* DeleteLocalObjectUsecaseTests.swift */ = {isa = PBXFileReference; lastKnownFileType = sourcecode.swift; path = DeleteLocalObjectUsecaseTests.swift; sourceTree = "<group>"; };
		B60AFACA2CBE13EC000E8B18 /* SaveLocalObjectUsecaseTests.swift */ = {isa = PBXFileReference; lastKnownFileType = sourcecode.swift; path = SaveLocalObjectUsecaseTests.swift; sourceTree = "<group>"; };
		B60AFACC2CBE13F8000E8B18 /* UpdateLocalObjectUsecaseTests.swift */ = {isa = PBXFileReference; lastKnownFileType = sourcecode.swift; path = UpdateLocalObjectUsecaseTests.swift; sourceTree = "<group>"; };
		B60AFAD42CBED328000E8B18 /* LocalNotificationServiceMock.swift */ = {isa = PBXFileReference; lastKnownFileType = sourcecode.swift; path = LocalNotificationServiceMock.swift; sourceTree = "<group>"; };
		B60AFAD62CBED36A000E8B18 /* RequestAuthLocalNotificationUsecaseTests.swift */ = {isa = PBXFileReference; lastKnownFileType = sourcecode.swift; path = RequestAuthLocalNotificationUsecaseTests.swift; sourceTree = "<group>"; };
		B60AFAD82CBED40A000E8B18 /* RemoveLocalNotificationUsecaseTests.swift */ = {isa = PBXFileReference; lastKnownFileType = sourcecode.swift; path = RemoveLocalNotificationUsecaseTests.swift; sourceTree = "<group>"; };
		B60AFADA2CBED44C000E8B18 /* ScheduleLocalNotificationUsecaseTests.swift */ = {isa = PBXFileReference; lastKnownFileType = sourcecode.swift; path = ScheduleLocalNotificationUsecaseTests.swift; sourceTree = "<group>"; };
		B60AFADD2CBED76A000E8B18 /* LocationServiceMock.swift */ = {isa = PBXFileReference; lastKnownFileType = sourcecode.swift; path = LocationServiceMock.swift; sourceTree = "<group>"; };
		B60AFADF2CBED77D000E8B18 /* StarLocalizationUseCaseTests.swift */ = {isa = PBXFileReference; lastKnownFileType = sourcecode.swift; path = StarLocalizationUseCaseTests.swift; sourceTree = "<group>"; };
		B60AFAE72CBED9FA000E8B18 /* GeocoderServiceMock.swift */ = {isa = PBXFileReference; lastKnownFileType = sourcecode.swift; path = GeocoderServiceMock.swift; sourceTree = "<group>"; };
		B60AFAE92CBEDA3E000E8B18 /* GetAddressByCoordinatesUsecaseTests.swift */ = {isa = PBXFileReference; lastKnownFileType = sourcecode.swift; path = GetAddressByCoordinatesUsecaseTests.swift; sourceTree = "<group>"; };
		B6A552372CB9DB650085A38C /* WeatherUsecases.framework */ = {isa = PBXFileReference; explicitFileType = wrapper.framework; includeInIndex = 0; path = WeatherUsecases.framework; sourceTree = BUILT_PRODUCTS_DIR; };
		B6A5523A2CB9DB650085A38C /* WeatherUsecases.h */ = {isa = PBXFileReference; lastKnownFileType = sourcecode.c.h; path = WeatherUsecases.h; sourceTree = "<group>"; };
		B6A5523B2CB9DB650085A38C /* WeatherUsecases.docc */ = {isa = PBXFileReference; lastKnownFileType = folder.documentationcatalog; path = WeatherUsecases.docc; sourceTree = "<group>"; };
		B6A552412CB9DB650085A38C /* WeatherUsecasesTests.xctest */ = {isa = PBXFileReference; explicitFileType = wrapper.cfbundle; includeInIndex = 0; path = WeatherUsecasesTests.xctest; sourceTree = BUILT_PRODUCTS_DIR; };
		B6A553232CB9E4800085A38C /* WeatherDataSource.framework */ = {isa = PBXFileReference; explicitFileType = wrapper.framework; path = WeatherDataSource.framework; sourceTree = BUILT_PRODUCTS_DIR; };
		B6A553272CB9E4860085A38C /* Utils.framework */ = {isa = PBXFileReference; explicitFileType = wrapper.framework; path = Utils.framework; sourceTree = BUILT_PRODUCTS_DIR; };
		B6A5532A2CB9E48B0085A38C /* WeatherEntities.framework */ = {isa = PBXFileReference; explicitFileType = wrapper.framework; path = WeatherEntities.framework; sourceTree = BUILT_PRODUCTS_DIR; };
		B6A5532D2CB9E4950085A38C /* WeatherCore.framework */ = {isa = PBXFileReference; explicitFileType = wrapper.framework; path = WeatherCore.framework; sourceTree = BUILT_PRODUCTS_DIR; };
		B6A553312CB9E5DF0085A38C /* StarLocationUsecase.swift */ = {isa = PBXFileReference; lastKnownFileType = sourcecode.swift; path = StarLocationUsecase.swift; sourceTree = "<group>"; };
		B6A553352CB9E7980085A38C /* GetCurrentLocationUsecase.swift */ = {isa = PBXFileReference; lastKnownFileType = sourcecode.swift; path = GetCurrentLocationUsecase.swift; sourceTree = "<group>"; };
		B6A553752CBA15440085A38C /* GetWeatherUsecase.swift */ = {isa = PBXFileReference; lastKnownFileType = sourcecode.swift; path = GetWeatherUsecase.swift; sourceTree = "<group>"; };
		B6A553AB2CBA2FD60085A38C /* GetAddressByCoordinatesUseCaseType.swift */ = {isa = PBXFileReference; lastKnownFileType = sourcecode.swift; path = GetAddressByCoordinatesUseCaseType.swift; sourceTree = "<group>"; };
		B6A553F32CBB67070085A38C /* GetWeatherIconUsecase.swift */ = {isa = PBXFileReference; lastKnownFileType = sourcecode.swift; path = GetWeatherIconUsecase.swift; sourceTree = "<group>"; };
		B6A554012CBC309A0085A38C /* SaveLocalObjectUsecase.swift */ = {isa = PBXFileReference; lastKnownFileType = sourcecode.swift; path = SaveLocalObjectUsecase.swift; sourceTree = "<group>"; };
		B6A554052CBC46BE0085A38C /* GetLocalObjectUsecase.swift */ = {isa = PBXFileReference; lastKnownFileType = sourcecode.swift; path = GetLocalObjectUsecase.swift; sourceTree = "<group>"; };
		B6A5540A2CBC59720085A38C /* DeleteLocalObjectUsecase.swift */ = {isa = PBXFileReference; lastKnownFileType = sourcecode.swift; path = DeleteLocalObjectUsecase.swift; sourceTree = "<group>"; };
		B6A554442CBD6DD20085A38C /* RequestAuthLocalNotificationUsecase.swift */ = {isa = PBXFileReference; lastKnownFileType = sourcecode.swift; path = RequestAuthLocalNotificationUsecase.swift; sourceTree = "<group>"; };
		B6A554462CBD6ED10085A38C /* ScheduleLocalNotificationUsecase.swift */ = {isa = PBXFileReference; lastKnownFileType = sourcecode.swift; path = ScheduleLocalNotificationUsecase.swift; sourceTree = "<group>"; };
		B6A5544A2CBD77920085A38C /* UpdateLocalObjectUsecase.swift */ = {isa = PBXFileReference; lastKnownFileType = sourcecode.swift; path = UpdateLocalObjectUsecase.swift; sourceTree = "<group>"; };
		B6A5544C2CBD8F790085A38C /* RemoveLocalNotificationUsecase.swift */ = {isa = PBXFileReference; lastKnownFileType = sourcecode.swift; path = RemoveLocalNotificationUsecase.swift; sourceTree = "<group>"; };
		B6A554912CBDD3490085A38C /* GetCurrentLocationStatusUsecase.swift */ = {isa = PBXFileReference; lastKnownFileType = sourcecode.swift; path = GetCurrentLocationStatusUsecase.swift; sourceTree = "<group>"; };
/* End PBXFileReference section */

/* Begin PBXFrameworksBuildPhase section */
		B6A552342CB9DB650085A38C /* Frameworks */ = {
			isa = PBXFrameworksBuildPhase;
			buildActionMask = 2147483647;
			files = (
				B6A5532B2CB9E48B0085A38C /* WeatherEntities.framework in Frameworks */,
				B6A553282CB9E4860085A38C /* Utils.framework in Frameworks */,
				B6A5532E2CB9E4950085A38C /* WeatherCore.framework in Frameworks */,
				B6A553242CB9E4800085A38C /* WeatherDataSource.framework in Frameworks */,
			);
			runOnlyForDeploymentPostprocessing = 0;
		};
		B6A5523E2CB9DB650085A38C /* Frameworks */ = {
			isa = PBXFrameworksBuildPhase;
			buildActionMask = 2147483647;
			files = (
				B6A552422CB9DB650085A38C /* WeatherUsecases.framework in Frameworks */,
			);
			runOnlyForDeploymentPostprocessing = 0;
		};
/* End PBXFrameworksBuildPhase section */

/* Begin PBXGroup section */
		B60AFAAE2CBE03D3000E8B18 /* Weather */ = {
			isa = PBXGroup;
			children = (
				B60AFABB2CBE0D47000E8B18 /* WeatherRemoteDataSourceMock.swift */,
				B60AFABD2CBE0F32000E8B18 /* GetWeatherUsecaseTests.swift */,
				B60AFABF2CBE1069000E8B18 /* GetWeatherIconTests.swift */,
				B60AFAC12CBE10B0000E8B18 /* WeatherIconRemoteDataSourceMock.swift */,
			);
			path = Weather;
			sourceTree = "<group>";
		};
		B60AFAC32CBE118F000E8B18 /* WeatherDB */ = {
			isa = PBXGroup;
			children = (
				B60AFAC42CBE119B000E8B18 /* WeatherDBLocalDataSourceMock.swift */,
				B60AFAC62CBE128B000E8B18 /* GetLocalObjectUsecaseTests.swift */,
				B60AFAC82CBE13DC000E8B18 /* DeleteLocalObjectUsecaseTests.swift */,
				B60AFACA2CBE13EC000E8B18 /* SaveLocalObjectUsecaseTests.swift */,
				B60AFACC2CBE13F8000E8B18 /* UpdateLocalObjectUsecaseTests.swift */,
			);
			path = WeatherDB;
			sourceTree = "<group>";
		};
		B60AFAD32CBED31C000E8B18 /* LocalNotification */ = {
			isa = PBXGroup;
			children = (
				B60AFAD42CBED328000E8B18 /* LocalNotificationServiceMock.swift */,
				B60AFAD62CBED36A000E8B18 /* RequestAuthLocalNotificationUsecaseTests.swift */,
				B60AFAD82CBED40A000E8B18 /* RemoveLocalNotificationUsecaseTests.swift */,
				B60AFADA2CBED44C000E8B18 /* ScheduleLocalNotificationUsecaseTests.swift */,
			);
			path = LocalNotification;
			sourceTree = "<group>";
		};
		B60AFADC2CBED753000E8B18 /* Location */ = {
			isa = PBXGroup;
			children = (
				B60AFADD2CBED76A000E8B18 /* LocationServiceMock.swift */,
				B60AFADF2CBED77D000E8B18 /* StarLocalizationUseCaseTests.swift */,
				B60AFAE72CBED9FA000E8B18 /* GeocoderServiceMock.swift */,
				B60AFAE92CBEDA3E000E8B18 /* GetAddressByCoordinatesUsecaseTests.swift */,
			);
			path = Location;
			sourceTree = "<group>";
		};
		B6A5522D2CB9DB650085A38C = {
			isa = PBXGroup;
			children = (
				B6A552392CB9DB650085A38C /* WeatherUsecases */,
				B6A552452CB9DB650085A38C /* WeatherUsecasesTests */,
				B6A552382CB9DB650085A38C /* Products */,
				B6A553222CB9E4800085A38C /* Frameworks */,
			);
			sourceTree = "<group>";
		};
		B6A552382CB9DB650085A38C /* Products */ = {
			isa = PBXGroup;
			children = (
				B6A552372CB9DB650085A38C /* WeatherUsecases.framework */,
				B6A552412CB9DB650085A38C /* WeatherUsecasesTests.xctest */,
			);
			name = Products;
			sourceTree = "<group>";
		};
		B6A552392CB9DB650085A38C /* WeatherUsecases */ = {
			isa = PBXGroup;
			children = (
				B6A554432CBD6DB50085A38C /* LocalNotification */,
				B6A554002CBC30710085A38C /* WeatherDB */,
				B6A553742CBA15380085A38C /* Weather */,
				B6A553302CB9E4A70085A38C /* Location */,
				B6A5523A2CB9DB650085A38C /* WeatherUsecases.h */,
				B6A5523B2CB9DB650085A38C /* WeatherUsecases.docc */,
			);
			path = WeatherUsecases;
			sourceTree = "<group>";
		};
		B6A552452CB9DB650085A38C /* WeatherUsecasesTests */ = {
			isa = PBXGroup;
			children = (
				B60AFADC2CBED753000E8B18 /* Location */,
				B60AFAD32CBED31C000E8B18 /* LocalNotification */,
				B60AFAC32CBE118F000E8B18 /* WeatherDB */,
				B60AFAAE2CBE03D3000E8B18 /* Weather */,
			);
			path = WeatherUsecasesTests;
			sourceTree = "<group>";
		};
		B6A553222CB9E4800085A38C /* Frameworks */ = {
			isa = PBXGroup;
			children = (
				B6A5532D2CB9E4950085A38C /* WeatherCore.framework */,
				B6A5532A2CB9E48B0085A38C /* WeatherEntities.framework */,
				B6A553272CB9E4860085A38C /* Utils.framework */,
				B6A553232CB9E4800085A38C /* WeatherDataSource.framework */,
			);
			name = Frameworks;
			sourceTree = "<group>";
		};
		B6A553302CB9E4A70085A38C /* Location */ = {
			isa = PBXGroup;
			children = (
				B6A553312CB9E5DF0085A38C /* StarLocationUsecase.swift */,
				B6A553352CB9E7980085A38C /* GetCurrentLocationUsecase.swift */,
				B6A553AB2CBA2FD60085A38C /* GetAddressByCoordinatesUseCaseType.swift */,
				B6A554912CBDD3490085A38C /* GetCurrentLocationStatusUsecase.swift */,
			);
			path = Location;
			sourceTree = "<group>";
		};
		B6A553742CBA15380085A38C /* Weather */ = {
			isa = PBXGroup;
			children = (
				B6A553752CBA15440085A38C /* GetWeatherUsecase.swift */,
				B6A553F32CBB67070085A38C /* GetWeatherIconUsecase.swift */,
			);
			path = Weather;
			sourceTree = "<group>";
		};
		B6A554002CBC30710085A38C /* WeatherDB */ = {
			isa = PBXGroup;
			children = (
				B6A554012CBC309A0085A38C /* SaveLocalObjectUsecase.swift */,
				B6A5540A2CBC59720085A38C /* DeleteLocalObjectUsecase.swift */,
				B6A554052CBC46BE0085A38C /* GetLocalObjectUsecase.swift */,
				B6A5544A2CBD77920085A38C /* UpdateLocalObjectUsecase.swift */,
			);
			path = WeatherDB;
			sourceTree = "<group>";
		};
		B6A554432CBD6DB50085A38C /* LocalNotification */ = {
			isa = PBXGroup;
			children = (
				B6A554442CBD6DD20085A38C /* RequestAuthLocalNotificationUsecase.swift */,
				B6A5544C2CBD8F790085A38C /* RemoveLocalNotificationUsecase.swift */,
				B6A554462CBD6ED10085A38C /* ScheduleLocalNotificationUsecase.swift */,
			);
			path = LocalNotification;
			sourceTree = "<group>";
		};
/* End PBXGroup section */

/* Begin PBXHeadersBuildPhase section */
		B6A552322CB9DB650085A38C /* Headers */ = {
			isa = PBXHeadersBuildPhase;
			buildActionMask = 2147483647;
			files = (
				B6A552482CB9DB650085A38C /* WeatherUsecases.h in Headers */,
			);
			runOnlyForDeploymentPostprocessing = 0;
		};
/* End PBXHeadersBuildPhase section */

/* Begin PBXNativeTarget section */
		B6A552362CB9DB650085A38C /* WeatherUsecases */ = {
			isa = PBXNativeTarget;
			buildConfigurationList = B6A5524B2CB9DB650085A38C /* Build configuration list for PBXNativeTarget "WeatherUsecases" */;
			buildPhases = (
				B6A552322CB9DB650085A38C /* Headers */,
				B6A552332CB9DB650085A38C /* Sources */,
				B6A552342CB9DB650085A38C /* Frameworks */,
				B6A552352CB9DB650085A38C /* Resources */,
			);
			buildRules = (
			);
			dependencies = (
			);
			name = WeatherUsecases;
			productName = WeatherUsecases;
			productReference = B6A552372CB9DB650085A38C /* WeatherUsecases.framework */;
			productType = "com.apple.product-type.framework";
		};
		B6A552402CB9DB650085A38C /* WeatherUsecasesTests */ = {
			isa = PBXNativeTarget;
			buildConfigurationList = B6A5524E2CB9DB650085A38C /* Build configuration list for PBXNativeTarget "WeatherUsecasesTests" */;
			buildPhases = (
				B6A5523D2CB9DB650085A38C /* Sources */,
				B6A5523E2CB9DB650085A38C /* Frameworks */,
				B6A5523F2CB9DB650085A38C /* Resources */,
			);
			buildRules = (
			);
			dependencies = (
				B6A552442CB9DB650085A38C /* PBXTargetDependency */,
			);
			name = WeatherUsecasesTests;
			productName = WeatherUsecasesTests;
			productReference = B6A552412CB9DB650085A38C /* WeatherUsecasesTests.xctest */;
			productType = "com.apple.product-type.bundle.unit-test";
		};
/* End PBXNativeTarget section */

/* Begin PBXProject section */
		B6A5522E2CB9DB650085A38C /* Project object */ = {
			isa = PBXProject;
			attributes = {
				BuildIndependentTargetsInParallel = 1;
				LastSwiftUpdateCheck = 1540;
				LastUpgradeCheck = 1540;
				TargetAttributes = {
					B6A552362CB9DB650085A38C = {
						CreatedOnToolsVersion = 15.4;
					};
					B6A552402CB9DB650085A38C = {
						CreatedOnToolsVersion = 15.4;
					};
				};
			};
			buildConfigurationList = B6A552312CB9DB650085A38C /* Build configuration list for PBXProject "WeatherUsecases" */;
			compatibilityVersion = "Xcode 14.0";
			developmentRegion = en;
			hasScannedForEncodings = 0;
			knownRegions = (
				en,
				Base,
			);
			mainGroup = B6A5522D2CB9DB650085A38C;
			productRefGroup = B6A552382CB9DB650085A38C /* Products */;
			projectDirPath = "";
			projectRoot = "";
			targets = (
				B6A552362CB9DB650085A38C /* WeatherUsecases */,
				B6A552402CB9DB650085A38C /* WeatherUsecasesTests */,
			);
		};
/* End PBXProject section */

/* Begin PBXResourcesBuildPhase section */
		B6A552352CB9DB650085A38C /* Resources */ = {
			isa = PBXResourcesBuildPhase;
			buildActionMask = 2147483647;
			files = (
			);
			runOnlyForDeploymentPostprocessing = 0;
		};
		B6A5523F2CB9DB650085A38C /* Resources */ = {
			isa = PBXResourcesBuildPhase;
			buildActionMask = 2147483647;
			files = (
			);
			runOnlyForDeploymentPostprocessing = 0;
		};
/* End PBXResourcesBuildPhase section */

/* Begin PBXSourcesBuildPhase section */
		B6A552332CB9DB650085A38C /* Sources */ = {
			isa = PBXSourcesBuildPhase;
			buildActionMask = 2147483647;
			files = (
				B6A553322CB9E5DF0085A38C /* StarLocationUsecase.swift in Sources */,
				B6A554062CBC46BE0085A38C /* GetLocalObjectUsecase.swift in Sources */,
				B6A554452CBD6DD20085A38C /* RequestAuthLocalNotificationUsecase.swift in Sources */,
				B6A5544B2CBD77920085A38C /* UpdateLocalObjectUsecase.swift in Sources */,
				B6A554022CBC309A0085A38C /* SaveLocalObjectUsecase.swift in Sources */,
				B6A554922CBDD3490085A38C /* GetCurrentLocationStatusUsecase.swift in Sources */,
				B6A5540B2CBC59720085A38C /* DeleteLocalObjectUsecase.swift in Sources */,
				B6A5523C2CB9DB650085A38C /* WeatherUsecases.docc in Sources */,
				B6A553F42CBB67070085A38C /* GetWeatherIconUsecase.swift in Sources */,
				B6A553362CB9E7980085A38C /* GetCurrentLocationUsecase.swift in Sources */,
				B6A5544D2CBD8F790085A38C /* RemoveLocalNotificationUsecase.swift in Sources */,
				B6A553AC2CBA2FD60085A38C /* GetAddressByCoordinatesUseCaseType.swift in Sources */,
				B6A553762CBA15440085A38C /* GetWeatherUsecase.swift in Sources */,
				B6A554472CBD6ED10085A38C /* ScheduleLocalNotificationUsecase.swift in Sources */,
			);
			runOnlyForDeploymentPostprocessing = 0;
		};
		B6A5523D2CB9DB650085A38C /* Sources */ = {
			isa = PBXSourcesBuildPhase;
			buildActionMask = 2147483647;
			files = (
				B60AFAD92CBED40A000E8B18 /* RemoveLocalNotificationUsecaseTests.swift in Sources */,
				B60AFAC72CBE128B000E8B18 /* GetLocalObjectUsecaseTests.swift in Sources */,
				B60AFADE2CBED76A000E8B18 /* LocationServiceMock.swift in Sources */,
				B60AFAC92CBE13DC000E8B18 /* DeleteLocalObjectUsecaseTests.swift in Sources */,
				B60AFAC52CBE119B000E8B18 /* WeatherDBLocalDataSourceMock.swift in Sources */,
				B60AFAEA2CBEDA3E000E8B18 /* GetAddressByCoordinatesUsecaseTests.swift in Sources */,
				B60AFACB2CBE13EC000E8B18 /* SaveLocalObjectUsecaseTests.swift in Sources */,
				B60AFAE02CBED77D000E8B18 /* StarLocalizationUseCaseTests.swift in Sources */,
				B60AFAE82CBED9FA000E8B18 /* GeocoderServiceMock.swift in Sources */,
				B60AFACD2CBE13F8000E8B18 /* UpdateLocalObjectUsecaseTests.swift in Sources */,
				B60AFAD72CBED36A000E8B18 /* RequestAuthLocalNotificationUsecaseTests.swift in Sources */,
				B60AFADB2CBED44C000E8B18 /* ScheduleLocalNotificationUsecaseTests.swift in Sources */,
				B60AFABE2CBE0F32000E8B18 /* GetWeatherUsecaseTests.swift in Sources */,
				B60AFAD52CBED328000E8B18 /* LocalNotificationServiceMock.swift in Sources */,
				B60AFAC02CBE1069000E8B18 /* GetWeatherIconTests.swift in Sources */,
				B60AFAC22CBE10B0000E8B18 /* WeatherIconRemoteDataSourceMock.swift in Sources */,
				B60AFABC2CBE0D47000E8B18 /* WeatherRemoteDataSourceMock.swift in Sources */,
			);
			runOnlyForDeploymentPostprocessing = 0;
		};
/* End PBXSourcesBuildPhase section */

/* Begin PBXTargetDependency section */
		B6A552442CB9DB650085A38C /* PBXTargetDependency */ = {
			isa = PBXTargetDependency;
			target = B6A552362CB9DB650085A38C /* WeatherUsecases */;
			targetProxy = B6A552432CB9DB650085A38C /* PBXContainerItemProxy */;
		};
/* End PBXTargetDependency section */

/* Begin XCBuildConfiguration section */
		B6A552492CB9DB650085A38C /* Debug */ = {
			isa = XCBuildConfiguration;
			buildSettings = {
				ALWAYS_SEARCH_USER_PATHS = NO;
				ASSETCATALOG_COMPILER_GENERATE_SWIFT_ASSET_SYMBOL_EXTENSIONS = YES;
				CLANG_ANALYZER_NONNULL = YES;
				CLANG_ANALYZER_NUMBER_OBJECT_CONVERSION = YES_AGGRESSIVE;
				CLANG_CXX_LANGUAGE_STANDARD = "gnu++20";
				CLANG_ENABLE_MODULES = YES;
				CLANG_ENABLE_OBJC_ARC = YES;
				CLANG_ENABLE_OBJC_WEAK = YES;
				CLANG_WARN_BLOCK_CAPTURE_AUTORELEASING = YES;
				CLANG_WARN_BOOL_CONVERSION = YES;
				CLANG_WARN_COMMA = YES;
				CLANG_WARN_CONSTANT_CONVERSION = YES;
				CLANG_WARN_DEPRECATED_OBJC_IMPLEMENTATIONS = YES;
				CLANG_WARN_DIRECT_OBJC_ISA_USAGE = YES_ERROR;
				CLANG_WARN_DOCUMENTATION_COMMENTS = YES;
				CLANG_WARN_EMPTY_BODY = YES;
				CLANG_WARN_ENUM_CONVERSION = YES;
				CLANG_WARN_INFINITE_RECURSION = YES;
				CLANG_WARN_INT_CONVERSION = YES;
				CLANG_WARN_NON_LITERAL_NULL_CONVERSION = YES;
				CLANG_WARN_OBJC_IMPLICIT_RETAIN_SELF = YES;
				CLANG_WARN_OBJC_LITERAL_CONVERSION = YES;
				CLANG_WARN_OBJC_ROOT_CLASS = YES_ERROR;
				CLANG_WARN_QUOTED_INCLUDE_IN_FRAMEWORK_HEADER = YES;
				CLANG_WARN_RANGE_LOOP_ANALYSIS = YES;
				CLANG_WARN_STRICT_PROTOTYPES = YES;
				CLANG_WARN_SUSPICIOUS_MOVE = YES;
				CLANG_WARN_UNGUARDED_AVAILABILITY = YES_AGGRESSIVE;
				CLANG_WARN_UNREACHABLE_CODE = YES;
				CLANG_WARN__DUPLICATE_METHOD_MATCH = YES;
				COPY_PHASE_STRIP = NO;
				CURRENT_PROJECT_VERSION = 1;
				DEBUG_INFORMATION_FORMAT = dwarf;
				ENABLE_STRICT_OBJC_MSGSEND = YES;
				ENABLE_TESTABILITY = YES;
				ENABLE_USER_SCRIPT_SANDBOXING = YES;
				GCC_C_LANGUAGE_STANDARD = gnu17;
				GCC_DYNAMIC_NO_PIC = NO;
				GCC_NO_COMMON_BLOCKS = YES;
				GCC_OPTIMIZATION_LEVEL = 0;
				GCC_PREPROCESSOR_DEFINITIONS = (
					"DEBUG=1",
					"$(inherited)",
				);
				GCC_WARN_64_TO_32_BIT_CONVERSION = YES;
				GCC_WARN_ABOUT_RETURN_TYPE = YES_ERROR;
				GCC_WARN_UNDECLARED_SELECTOR = YES;
				GCC_WARN_UNINITIALIZED_AUTOS = YES_AGGRESSIVE;
				GCC_WARN_UNUSED_FUNCTION = YES;
				GCC_WARN_UNUSED_VARIABLE = YES;
				IPHONEOS_DEPLOYMENT_TARGET = 17.5;
				LOCALIZATION_PREFERS_STRING_CATALOGS = YES;
				MTL_ENABLE_DEBUG_INFO = INCLUDE_SOURCE;
				MTL_FAST_MATH = YES;
				ONLY_ACTIVE_ARCH = YES;
				SDKROOT = iphoneos;
				SWIFT_ACTIVE_COMPILATION_CONDITIONS = "DEBUG $(inherited)";
				SWIFT_OPTIMIZATION_LEVEL = "-Onone";
				VERSIONING_SYSTEM = "apple-generic";
				VERSION_INFO_PREFIX = "";
			};
			name = Debug;
		};
		B6A5524A2CB9DB650085A38C /* Release */ = {
			isa = XCBuildConfiguration;
			buildSettings = {
				ALWAYS_SEARCH_USER_PATHS = NO;
				ASSETCATALOG_COMPILER_GENERATE_SWIFT_ASSET_SYMBOL_EXTENSIONS = YES;
				CLANG_ANALYZER_NONNULL = YES;
				CLANG_ANALYZER_NUMBER_OBJECT_CONVERSION = YES_AGGRESSIVE;
				CLANG_CXX_LANGUAGE_STANDARD = "gnu++20";
				CLANG_ENABLE_MODULES = YES;
				CLANG_ENABLE_OBJC_ARC = YES;
				CLANG_ENABLE_OBJC_WEAK = YES;
				CLANG_WARN_BLOCK_CAPTURE_AUTORELEASING = YES;
				CLANG_WARN_BOOL_CONVERSION = YES;
				CLANG_WARN_COMMA = YES;
				CLANG_WARN_CONSTANT_CONVERSION = YES;
				CLANG_WARN_DEPRECATED_OBJC_IMPLEMENTATIONS = YES;
				CLANG_WARN_DIRECT_OBJC_ISA_USAGE = YES_ERROR;
				CLANG_WARN_DOCUMENTATION_COMMENTS = YES;
				CLANG_WARN_EMPTY_BODY = YES;
				CLANG_WARN_ENUM_CONVERSION = YES;
				CLANG_WARN_INFINITE_RECURSION = YES;
				CLANG_WARN_INT_CONVERSION = YES;
				CLANG_WARN_NON_LITERAL_NULL_CONVERSION = YES;
				CLANG_WARN_OBJC_IMPLICIT_RETAIN_SELF = YES;
				CLANG_WARN_OBJC_LITERAL_CONVERSION = YES;
				CLANG_WARN_OBJC_ROOT_CLASS = YES_ERROR;
				CLANG_WARN_QUOTED_INCLUDE_IN_FRAMEWORK_HEADER = YES;
				CLANG_WARN_RANGE_LOOP_ANALYSIS = YES;
				CLANG_WARN_STRICT_PROTOTYPES = YES;
				CLANG_WARN_SUSPICIOUS_MOVE = YES;
				CLANG_WARN_UNGUARDED_AVAILABILITY = YES_AGGRESSIVE;
				CLANG_WARN_UNREACHABLE_CODE = YES;
				CLANG_WARN__DUPLICATE_METHOD_MATCH = YES;
				COPY_PHASE_STRIP = NO;
				CURRENT_PROJECT_VERSION = 1;
				DEBUG_INFORMATION_FORMAT = "dwarf-with-dsym";
				ENABLE_NS_ASSERTIONS = NO;
				ENABLE_STRICT_OBJC_MSGSEND = YES;
				ENABLE_USER_SCRIPT_SANDBOXING = YES;
				GCC_C_LANGUAGE_STANDARD = gnu17;
				GCC_NO_COMMON_BLOCKS = YES;
				GCC_WARN_64_TO_32_BIT_CONVERSION = YES;
				GCC_WARN_ABOUT_RETURN_TYPE = YES_ERROR;
				GCC_WARN_UNDECLARED_SELECTOR = YES;
				GCC_WARN_UNINITIALIZED_AUTOS = YES_AGGRESSIVE;
				GCC_WARN_UNUSED_FUNCTION = YES;
				GCC_WARN_UNUSED_VARIABLE = YES;
				IPHONEOS_DEPLOYMENT_TARGET = 17.5;
				LOCALIZATION_PREFERS_STRING_CATALOGS = YES;
				MTL_ENABLE_DEBUG_INFO = NO;
				MTL_FAST_MATH = YES;
				SDKROOT = iphoneos;
				SWIFT_COMPILATION_MODE = wholemodule;
				VALIDATE_PRODUCT = YES;
				VERSIONING_SYSTEM = "apple-generic";
				VERSION_INFO_PREFIX = "";
			};
			name = Release;
		};
		B6A5524C2CB9DB650085A38C /* Debug */ = {
			isa = XCBuildConfiguration;
			buildSettings = {
				BUILD_LIBRARY_FOR_DISTRIBUTION = YES;
				CODE_SIGN_STYLE = Automatic;
				CURRENT_PROJECT_VERSION = 1;
				DEFINES_MODULE = YES;
				DYLIB_COMPATIBILITY_VERSION = 1;
				DYLIB_CURRENT_VERSION = 1;
				DYLIB_INSTALL_NAME_BASE = "@rpath";
				ENABLE_MODULE_VERIFIER = YES;
				GENERATE_INFOPLIST_FILE = YES;
				INFOPLIST_KEY_NSHumanReadableCopyright = "";
				INSTALL_PATH = "$(LOCAL_LIBRARY_DIR)/Frameworks";
				LD_RUNPATH_SEARCH_PATHS = (
					"$(inherited)",
					"@executable_path/Frameworks",
					"@loader_path/Frameworks",
				);
				MARKETING_VERSION = 1.0;
				MODULE_VERIFIER_SUPPORTED_LANGUAGES = "objective-c objective-c++";
				MODULE_VERIFIER_SUPPORTED_LANGUAGE_STANDARDS = "gnu17 gnu++20";
				PRODUCT_BUNDLE_IDENTIFIER = com.andres.WeatherUsecases;
				PRODUCT_NAME = "$(TARGET_NAME:c99extidentifier)";
				SKIP_INSTALL = YES;
				SWIFT_EMIT_LOC_STRINGS = YES;
				SWIFT_INSTALL_OBJC_HEADER = NO;
				SWIFT_VERSION = 5.0;
				TARGETED_DEVICE_FAMILY = "1,2";
			};
			name = Debug;
		};
		B6A5524D2CB9DB650085A38C /* Release */ = {
			isa = XCBuildConfiguration;
			buildSettings = {
				BUILD_LIBRARY_FOR_DISTRIBUTION = YES;
				CODE_SIGN_STYLE = Automatic;
				CURRENT_PROJECT_VERSION = 1;
				DEFINES_MODULE = YES;
				DYLIB_COMPATIBILITY_VERSION = 1;
				DYLIB_CURRENT_VERSION = 1;
				DYLIB_INSTALL_NAME_BASE = "@rpath";
				ENABLE_MODULE_VERIFIER = YES;
				GENERATE_INFOPLIST_FILE = YES;
				INFOPLIST_KEY_NSHumanReadableCopyright = "";
				INSTALL_PATH = "$(LOCAL_LIBRARY_DIR)/Frameworks";
				LD_RUNPATH_SEARCH_PATHS = (
					"$(inherited)",
					"@executable_path/Frameworks",
					"@loader_path/Frameworks",
				);
				MARKETING_VERSION = 1.0;
				MODULE_VERIFIER_SUPPORTED_LANGUAGES = "objective-c objective-c++";
				MODULE_VERIFIER_SUPPORTED_LANGUAGE_STANDARDS = "gnu17 gnu++20";
				PRODUCT_BUNDLE_IDENTIFIER = com.andres.WeatherUsecases;
				PRODUCT_NAME = "$(TARGET_NAME:c99extidentifier)";
				SKIP_INSTALL = YES;
				SWIFT_EMIT_LOC_STRINGS = YES;
				SWIFT_INSTALL_OBJC_HEADER = NO;
				SWIFT_VERSION = 5.0;
				TARGETED_DEVICE_FAMILY = "1,2";
			};
			name = Release;
		};
		B6A5524F2CB9DB650085A38C /* Debug */ = {
			isa = XCBuildConfiguration;
			buildSettings = {
				ALWAYS_EMBED_SWIFT_STANDARD_LIBRARIES = YES;
				CODE_SIGN_STYLE = Automatic;
				CURRENT_PROJECT_VERSION = 1;
				GENERATE_INFOPLIST_FILE = YES;
				MARKETING_VERSION = 1.0;
				PRODUCT_BUNDLE_IDENTIFIER = com.andres.WeatherUsecasesTests;
				PRODUCT_NAME = "$(TARGET_NAME)";
				SWIFT_EMIT_LOC_STRINGS = NO;
				SWIFT_VERSION = 5.0;
				TARGETED_DEVICE_FAMILY = "1,2";
			};
			name = Debug;
		};
		B6A552502CB9DB650085A38C /* Release */ = {
			isa = XCBuildConfiguration;
			buildSettings = {
				ALWAYS_EMBED_SWIFT_STANDARD_LIBRARIES = YES;
				CODE_SIGN_STYLE = Automatic;
				CURRENT_PROJECT_VERSION = 1;
				GENERATE_INFOPLIST_FILE = YES;
				MARKETING_VERSION = 1.0;
				PRODUCT_BUNDLE_IDENTIFIER = com.andres.WeatherUsecasesTests;
				PRODUCT_NAME = "$(TARGET_NAME)";
				SWIFT_EMIT_LOC_STRINGS = NO;
				SWIFT_VERSION = 5.0;
				TARGETED_DEVICE_FAMILY = "1,2";
			};
			name = Release;
		};
/* End XCBuildConfiguration section */

/* Begin XCConfigurationList section */
		B6A552312CB9DB650085A38C /* Build configuration list for PBXProject "WeatherUsecases" */ = {
			isa = XCConfigurationList;
			buildConfigurations = (
				B6A552492CB9DB650085A38C /* Debug */,
				B6A5524A2CB9DB650085A38C /* Release */,
			);
			defaultConfigurationIsVisible = 0;
			defaultConfigurationName = Release;
		};
		B6A5524B2CB9DB650085A38C /* Build configuration list for PBXNativeTarget "WeatherUsecases" */ = {
			isa = XCConfigurationList;
			buildConfigurations = (
				B6A5524C2CB9DB650085A38C /* Debug */,
				B6A5524D2CB9DB650085A38C /* Release */,
			);
			defaultConfigurationIsVisible = 0;
			defaultConfigurationName = Release;
		};
		B6A5524E2CB9DB650085A38C /* Build configuration list for PBXNativeTarget "WeatherUsecasesTests" */ = {
			isa = XCConfigurationList;
			buildConfigurations = (
				B6A5524F2CB9DB650085A38C /* Debug */,
				B6A552502CB9DB650085A38C /* Release */,
			);
			defaultConfigurationIsVisible = 0;
			defaultConfigurationName = Release;
		};
/* End XCConfigurationList section */
	};
	rootObject = B6A5522E2CB9DB650085A38C /* Project object */;
}
